// !$*UTF8*$!
{
	archiveVersion = 1;
	classes = {
	};
	objectVersion = 51;
	objects = {

/* Begin PBXBuildFile section */
		02C91E6690A15D72DDA91FEF /* NetworkRequest.swift in Sources */ = {isa = PBXBuildFile; fileRef = 6BFC61F5AEF0C41C0949CD22 /* NetworkRequest.swift */; };
		0605BFB04484252F89D3E9C8 /* CoreDataService.swift in Sources */ = {isa = PBXBuildFile; fileRef = 62E35AF6510A432D5890F544 /* CoreDataService.swift */; };
		08198F3F910802B2FCCC646C /* KeychainSwift.framework in Frameworks */ = {isa = PBXBuildFile; fileRef = 5C16E26DC94BC396640916F8 /* KeychainSwift.framework */; };
		1956EDF14724695A2CB0A124 /* PromisedCoreDataSourceImpl.swift in Sources */ = {isa = PBXBuildFile; fileRef = A24F0ABF7EA9F6EEF3272707 /* PromisedCoreDataSourceImpl.swift */; };
		1B2CA9BB63006C67DE91B616 /* BasePromisedDataObserver.swift in Sources */ = {isa = PBXBuildFile; fileRef = 2DC258CD53EE7C42C52C7534 /* BasePromisedDataObserver.swift */; };
		1C18C0A4677681592FA62193 /* BaseStorage.swift in Sources */ = {isa = PBXBuildFile; fileRef = E9A8BA986786118A6DBAD5D5 /* BaseStorage.swift */; };
		1CD7729CF096C2ED74C039F9 /* PromisedCoreDataSourceRequest.swift in Sources */ = {isa = PBXBuildFile; fileRef = 3AA09309A01FBFB983758E77 /* PromisedCoreDataSourceRequest.swift */; };
		2A23187600D0C7E24187A632 /* PromisedRemoteSourceResponse.swift in Sources */ = {isa = PBXBuildFile; fileRef = 612E32A31A4CF6E31B53D639 /* PromisedRemoteSourceResponse.swift */; };
		2A690C716787B7EC280FAC8C /* ObjectArray.swift in Sources */ = {isa = PBXBuildFile; fileRef = 92BD486B99A357B693EA7B78 /* ObjectArray.swift */; };
		2B8EAF26052C3E63D2AB5B7E /* RemoteServiceResponse.swift in Sources */ = {isa = PBXBuildFile; fileRef = 0765E3743ADD5B20A9A74300 /* RemoteServiceResponse.swift */; };
		31F0736DD91D735D07FF4D08 /* Storable.swift in Sources */ = {isa = PBXBuildFile; fileRef = A4ABE2F33295E61932298201 /* Storable.swift */; };
		3262FA68BB2D3A806E144B04 /* FoundationExtension.framework in Frameworks */ = {isa = PBXBuildFile; fileRef = AFB3FE0C30F4E68FF3172219 /* FoundationExtension.framework */; };
		3629EF686D941E9B6A630DB1 /* ReachabilityError.swift in Sources */ = {isa = PBXBuildFile; fileRef = D10D8405F5AB425C76249781 /* ReachabilityError.swift */; };
		36A296BE9033F4679E45ABC2 /* PromisedRepositoryFRC.swift in Sources */ = {isa = PBXBuildFile; fileRef = 5FCE7431872ECF562986EAEC /* PromisedRepositoryFRC.swift */; };
		3914BAAD117F345A8538553B /* PromisedRemoteSourceRequest.swift in Sources */ = {isa = PBXBuildFile; fileRef = F027D0A5A591EAA0E111C1DB /* PromisedRemoteSourceRequest.swift */; };
		3BFCE2E290B8162BBE2CDF70 /* PromisedRepoWithCDSource.swift in Sources */ = {isa = PBXBuildFile; fileRef = 2DED50065EA1843F78C53268 /* PromisedRepoWithCDSource.swift */; };
		40AA22DF25FAC11893FD1587 /* RemoteErrorFactory.swift in Sources */ = {isa = PBXBuildFile; fileRef = 5C05A6972400BB31DFADB3EF /* RemoteErrorFactory.swift */; };
		419869785D00780C613DCB8B /* PromisedCoreDataSource.swift in Sources */ = {isa = PBXBuildFile; fileRef = F7DFF95178F28DC749845FB5 /* PromisedCoreDataSource.swift */; };
		45111AE4A9FD4E06F01C2D93 /* RemoteServiceConfig.swift in Sources */ = {isa = PBXBuildFile; fileRef = 52CC820ECCD9CEEA00EC42E4 /* RemoteServiceConfig.swift */; };
		454034C28D173450FABC2D0B /* Mapper.swift in Sources */ = {isa = PBXBuildFile; fileRef = DDC6F39F30ACB577C7F1CAC0 /* Mapper.swift */; };
		48025E5D8B18F3BBCF20D92B /* StorageSourceImpl.swift in Sources */ = {isa = PBXBuildFile; fileRef = 9F0B90C4FC0BFCAE24A68AE6 /* StorageSourceImpl.swift */; };
		4EA0BB471DC86925C2E8EAC9 /* MBProgressHUD.framework in Frameworks */ = {isa = PBXBuildFile; fileRef = CF66CAF3AE4BEC97074F3C21 /* MBProgressHUD.framework */; };
		4F63BA69D46D1F688B0EF0A0 /* NetworkSessionJSONError.swift in Sources */ = {isa = PBXBuildFile; fileRef = 727ECDDE428F13586E2001B1 /* NetworkSessionJSONError.swift */; };
		555C72000A3D0B94FD37AD93 /* StorageSourceFRC.swift in Sources */ = {isa = PBXBuildFile; fileRef = 356BEC03D91DDD1E48A42360 /* StorageSourceFRC.swift */; };
		5CF25AB95C19AA79F96E4CDA /* PromisedRemoteSourceErrorHandler.swift in Sources */ = {isa = PBXBuildFile; fileRef = 4733E4EA12ADD693B5A18F17 /* PromisedRemoteSourceErrorHandler.swift */; };
		5F2F7B0FA3383F3129B9EAF3 /* SessionError.swift in Sources */ = {isa = PBXBuildFile; fileRef = 32571A2E7DEC6ACC65A4817D /* SessionError.swift */; };
		68B2E92268BC2B475DF92D2A /* MappingRelationship.swift in Sources */ = {isa = PBXBuildFile; fileRef = 1BA544323D548C87539455B3 /* MappingRelationship.swift */; };
		6BE6DCAC4724B54C27A9574E /* NetworkSession.swift in Sources */ = {isa = PBXBuildFile; fileRef = 8DC001968415206DD702A672 /* NetworkSession.swift */; };
		73D5F2C99EA6CC6CAAA5FADE /* Mapping.swift in Sources */ = {isa = PBXBuildFile; fileRef = 1B641AD8903358D74D5BB213 /* Mapping.swift */; };
		73EE5F9733D16ECBF62061F4 /* NetworkSessionNetworkError.swift in Sources */ = {isa = PBXBuildFile; fileRef = 5AD416BB682E59CAE6CD4556 /* NetworkSessionNetworkError.swift */; };
		759B85B948787B866E82428E /* NetworkSessionError.swift in Sources */ = {isa = PBXBuildFile; fileRef = 22D856BDB6B1111D8D0A4564 /* NetworkSessionError.swift */; };
		76E58635B70DA95F4ADFD79F /* StorageMapping.swift in Sources */ = {isa = PBXBuildFile; fileRef = 4D20A89E466D8627D0A88305 /* StorageMapping.swift */; };
		7946310C50C62651EE3ECB7C /* MappingAttribute.swift in Sources */ = {isa = PBXBuildFile; fileRef = 2257F2E483407657FB5BA368 /* MappingAttribute.swift */; };
		7DD9AED81A1F469DE6711EA3 /* HttpErrors.swift in Sources */ = {isa = PBXBuildFile; fileRef = ECAD9D1EB6B24A8229651154 /* HttpErrors.swift */; };
		7FFDDC62A0D6C0BBE1039858 /* PromisedRemoteSourceImpl.swift in Sources */ = {isa = PBXBuildFile; fileRef = 5539EA45B321C3C065048B56 /* PromisedRemoteSourceImpl.swift */; };
		96F273D3AA3D15B967F6C162 /* OffsetLimitPaginator.swift in Sources */ = {isa = PBXBuildFile; fileRef = CD09AFCA719387DBC8C4D228 /* OffsetLimitPaginator.swift */; };
		97909BB0BA5BAF8DE747B375 /* FastEasyMapping.framework in Frameworks */ = {isa = PBXBuildFile; fileRef = 45D25D2BC520055E08C71621 /* FastEasyMapping.framework */; };
		9888E736E742ADE58592AF51 /* Mappable.swift in Sources */ = {isa = PBXBuildFile; fileRef = AA15CB40100CD788CBEBA0F2 /* Mappable.swift */; };
		ACDC8BB659F62F894F91C819 /* Storage.swift in Sources */ = {isa = PBXBuildFile; fileRef = 6CB291B9BE65917B4B91DDF6 /* Storage.swift */; };
		AD53D503C8668A1CE94B8AAF /* PromisedCoreDataSourceFRC.swift in Sources */ = {isa = PBXBuildFile; fileRef = 05EB266DC9D48E5979533D49 /* PromisedCoreDataSourceFRC.swift */; };
		AF588BBCCE844E0B83BD6653 /* Reachability.framework in Frameworks */ = {isa = PBXBuildFile; fileRef = B2E94CB0E072E36F594B106E /* Reachability.framework */; };
		C5C20EF134F2CF68ED212055 /* NetworkRequestAuthProvider.swift in Sources */ = {isa = PBXBuildFile; fileRef = 043ADA2C6CFA7315FF91139F /* NetworkRequestAuthProvider.swift */; };
		C86C1985B65A13DA8915E42D /* PromisedRepoWithRSource.swift in Sources */ = {isa = PBXBuildFile; fileRef = 8502006820A684ACD9EEC84D /* PromisedRepoWithRSource.swift */; };
		CBE538020B78B60A848520FC /* PromiseKit.framework in Frameworks */ = {isa = PBXBuildFile; fileRef = 22C74D0B00CB9A437DBC308B /* PromiseKit.framework */; };
		D17B6F60D52053472D588A93 /* BaseJsonTransformer.swift in Sources */ = {isa = PBXBuildFile; fileRef = BA448344DA269945429760B3 /* BaseJsonTransformer.swift */; };
		D5D45F21F72B3FF3F34E9C16 /* PredicateFactory.swift in Sources */ = {isa = PBXBuildFile; fileRef = 2BA243F3A0ED949518398FE4 /* PredicateFactory.swift */; };
		D64D09BD15DABDF6E32576C2 /* TimeOutError.swift in Sources */ = {isa = PBXBuildFile; fileRef = 29A346F9243BE11FA5CC21C4 /* TimeOutError.swift */; };
		D7FFF9429DD7C0A0FF53D1FF /* StorageSourceRequest.swift in Sources */ = {isa = PBXBuildFile; fileRef = 362C61622AD0ECD414C13705 /* StorageSourceRequest.swift */; };
		E3D01EB47D6EC7CDC2C777C8 /* MappingContext.swift in Sources */ = {isa = PBXBuildFile; fileRef = E7385BC35D295CFD674B143A /* MappingContext.swift */; };
		ECF95F581CD7E53FD2370E32 /* PromisedRepoWithStorageSource.swift in Sources */ = {isa = PBXBuildFile; fileRef = 3CABCCA39046C4820F4BDB01 /* PromisedRepoWithStorageSource.swift */; };
		ED0FA297EA0142382D96EBA6 /* PromisedDataObserver.swift in Sources */ = {isa = PBXBuildFile; fileRef = 732346557C4B07C3EC9A4F1C /* PromisedDataObserver.swift */; };
		EDAF416BF277F36010C82119 /* PromiseKit.framework in Frameworks */ = {isa = PBXBuildFile; fileRef = 22C74D0B00CB9A437DBC308B /* PromiseKit.framework */; };
		EE031C06129F29A7FC0E0E9D /* PromisedDataObserverByIds.swift in Sources */ = {isa = PBXBuildFile; fileRef = C4115BDDBE85905707EA6CF5 /* PromisedDataObserverByIds.swift */; };
		F0BB43C7157F47D25F1915AF /* NetworkMultipartRequest.swift in Sources */ = {isa = PBXBuildFile; fileRef = 5D3C15F8C64370E76097D526 /* NetworkMultipartRequest.swift */; };
		F0D605D3C22E07DFBA515C1F /* StorageSource.swift in Sources */ = {isa = PBXBuildFile; fileRef = 02EF2F87D21B6F495B1918D4 /* StorageSource.swift */; };
		F5556990194456110FC7433F /* NetworkResponse.swift in Sources */ = {isa = PBXBuildFile; fileRef = 45F37EFE1872BD844E4279AF /* NetworkResponse.swift */; };
		F6CFC9DBC5A413C50E843A9C /* PromisedRemoteSource.swift in Sources */ = {isa = PBXBuildFile; fileRef = 6799EB6D119048A484D487D6 /* PromisedRemoteSource.swift */; };
		F9D7B04311D631E4E93A3E07 /* PromisedUseCase.swift in Sources */ = {isa = PBXBuildFile; fileRef = 574D0A7F1552F4933B4CAD68 /* PromisedUseCase.swift */; };
		FA2B50F9AA1ACBC3D8B9FA0A /* RemoteService.swift in Sources */ = {isa = PBXBuildFile; fileRef = 38801356290C1262024E3D2E /* RemoteService.swift */; };
		FACB9826E5FCD0F1710CEFF9 /* NetworkSessionDataError.swift in Sources */ = {isa = PBXBuildFile; fileRef = FF75CAF8C716000A06D2DD5F /* NetworkSessionDataError.swift */; };
		FC8292A65395F6E1215BB878 /* ApiErrors.swift in Sources */ = {isa = PBXBuildFile; fileRef = F8FF1018FC1A9C2415F683AE /* ApiErrors.swift */; };
		FE8CDD9120B75ED4315C7A14 /* NetworkSessionTaskCancelledError.swift in Sources */ = {isa = PBXBuildFile; fileRef = 249A513498C5560D7A04530B /* NetworkSessionTaskCancelledError.swift */; };
/* End PBXBuildFile section */

/* Begin PBXFileReference section */
		02EF2F87D21B6F495B1918D4 /* StorageSource.swift */ = {isa = PBXFileReference; lastKnownFileType = sourcecode.swift; path = StorageSource.swift; sourceTree = "<group>"; };
		043ADA2C6CFA7315FF91139F /* NetworkRequestAuthProvider.swift */ = {isa = PBXFileReference; lastKnownFileType = sourcecode.swift; path = NetworkRequestAuthProvider.swift; sourceTree = "<group>"; };
		05EB266DC9D48E5979533D49 /* PromisedCoreDataSourceFRC.swift */ = {isa = PBXFileReference; lastKnownFileType = sourcecode.swift; path = PromisedCoreDataSourceFRC.swift; sourceTree = "<group>"; };
		0765E3743ADD5B20A9A74300 /* RemoteServiceResponse.swift */ = {isa = PBXFileReference; lastKnownFileType = sourcecode.swift; path = RemoteServiceResponse.swift; sourceTree = "<group>"; };
		1B641AD8903358D74D5BB213 /* Mapping.swift */ = {isa = PBXFileReference; lastKnownFileType = sourcecode.swift; path = Mapping.swift; sourceTree = "<group>"; };
		1BA544323D548C87539455B3 /* MappingRelationship.swift */ = {isa = PBXFileReference; lastKnownFileType = sourcecode.swift; path = MappingRelationship.swift; sourceTree = "<group>"; };
		2257F2E483407657FB5BA368 /* MappingAttribute.swift */ = {isa = PBXFileReference; lastKnownFileType = sourcecode.swift; path = MappingAttribute.swift; sourceTree = "<group>"; };
		22C74D0B00CB9A437DBC308B /* PromiseKit.framework */ = {isa = PBXFileReference; lastKnownFileType = wrapper.framework; path = PromiseKit.framework; sourceTree = "<group>"; };
		22D856BDB6B1111D8D0A4564 /* NetworkSessionError.swift */ = {isa = PBXFileReference; lastKnownFileType = sourcecode.swift; path = NetworkSessionError.swift; sourceTree = "<group>"; };
		249A513498C5560D7A04530B /* NetworkSessionTaskCancelledError.swift */ = {isa = PBXFileReference; lastKnownFileType = sourcecode.swift; path = NetworkSessionTaskCancelledError.swift; sourceTree = "<group>"; };
		29A346F9243BE11FA5CC21C4 /* TimeOutError.swift */ = {isa = PBXFileReference; lastKnownFileType = sourcecode.swift; path = TimeOutError.swift; sourceTree = "<group>"; };
		2BA243F3A0ED949518398FE4 /* PredicateFactory.swift */ = {isa = PBXFileReference; lastKnownFileType = sourcecode.swift; path = PredicateFactory.swift; sourceTree = "<group>"; };
		2DC258CD53EE7C42C52C7534 /* BasePromisedDataObserver.swift */ = {isa = PBXFileReference; lastKnownFileType = sourcecode.swift; path = BasePromisedDataObserver.swift; sourceTree = "<group>"; };
		2DED50065EA1843F78C53268 /* PromisedRepoWithCDSource.swift */ = {isa = PBXFileReference; lastKnownFileType = sourcecode.swift; path = PromisedRepoWithCDSource.swift; sourceTree = "<group>"; };
		32571A2E7DEC6ACC65A4817D /* SessionError.swift */ = {isa = PBXFileReference; lastKnownFileType = sourcecode.swift; path = SessionError.swift; sourceTree = "<group>"; };
		356BEC03D91DDD1E48A42360 /* StorageSourceFRC.swift */ = {isa = PBXFileReference; lastKnownFileType = sourcecode.swift; path = StorageSourceFRC.swift; sourceTree = "<group>"; };
		362C61622AD0ECD414C13705 /* StorageSourceRequest.swift */ = {isa = PBXFileReference; lastKnownFileType = sourcecode.swift; path = StorageSourceRequest.swift; sourceTree = "<group>"; };
		38801356290C1262024E3D2E /* RemoteService.swift */ = {isa = PBXFileReference; lastKnownFileType = sourcecode.swift; path = RemoteService.swift; sourceTree = "<group>"; };
		3AA09309A01FBFB983758E77 /* PromisedCoreDataSourceRequest.swift */ = {isa = PBXFileReference; lastKnownFileType = sourcecode.swift; path = PromisedCoreDataSourceRequest.swift; sourceTree = "<group>"; };
		3CABCCA39046C4820F4BDB01 /* PromisedRepoWithStorageSource.swift */ = {isa = PBXFileReference; lastKnownFileType = sourcecode.swift; path = PromisedRepoWithStorageSource.swift; sourceTree = "<group>"; };
		45D25D2BC520055E08C71621 /* FastEasyMapping.framework */ = {isa = PBXFileReference; lastKnownFileType = wrapper.framework; path = FastEasyMapping.framework; sourceTree = "<group>"; };
		45F37EFE1872BD844E4279AF /* NetworkResponse.swift */ = {isa = PBXFileReference; lastKnownFileType = sourcecode.swift; path = NetworkResponse.swift; sourceTree = "<group>"; };
		4733E4EA12ADD693B5A18F17 /* PromisedRemoteSourceErrorHandler.swift */ = {isa = PBXFileReference; lastKnownFileType = sourcecode.swift; path = PromisedRemoteSourceErrorHandler.swift; sourceTree = "<group>"; };
		4D20A89E466D8627D0A88305 /* StorageMapping.swift */ = {isa = PBXFileReference; lastKnownFileType = sourcecode.swift; path = StorageMapping.swift; sourceTree = "<group>"; };
		52CC820ECCD9CEEA00EC42E4 /* RemoteServiceConfig.swift */ = {isa = PBXFileReference; lastKnownFileType = sourcecode.swift; path = RemoteServiceConfig.swift; sourceTree = "<group>"; };
		5539EA45B321C3C065048B56 /* PromisedRemoteSourceImpl.swift */ = {isa = PBXFileReference; lastKnownFileType = sourcecode.swift; path = PromisedRemoteSourceImpl.swift; sourceTree = "<group>"; };
		574D0A7F1552F4933B4CAD68 /* PromisedUseCase.swift */ = {isa = PBXFileReference; lastKnownFileType = sourcecode.swift; path = PromisedUseCase.swift; sourceTree = "<group>"; };
		5AD416BB682E59CAE6CD4556 /* NetworkSessionNetworkError.swift */ = {isa = PBXFileReference; lastKnownFileType = sourcecode.swift; path = NetworkSessionNetworkError.swift; sourceTree = "<group>"; };
		5C05A6972400BB31DFADB3EF /* RemoteErrorFactory.swift */ = {isa = PBXFileReference; lastKnownFileType = sourcecode.swift; path = RemoteErrorFactory.swift; sourceTree = "<group>"; };
		5C16E26DC94BC396640916F8 /* KeychainSwift.framework */ = {isa = PBXFileReference; lastKnownFileType = wrapper.framework; path = KeychainSwift.framework; sourceTree = "<group>"; };
		5D3C15F8C64370E76097D526 /* NetworkMultipartRequest.swift */ = {isa = PBXFileReference; lastKnownFileType = sourcecode.swift; path = NetworkMultipartRequest.swift; sourceTree = "<group>"; };
		5FCE7431872ECF562986EAEC /* PromisedRepositoryFRC.swift */ = {isa = PBXFileReference; lastKnownFileType = sourcecode.swift; path = PromisedRepositoryFRC.swift; sourceTree = "<group>"; };
		612E32A31A4CF6E31B53D639 /* PromisedRemoteSourceResponse.swift */ = {isa = PBXFileReference; lastKnownFileType = sourcecode.swift; path = PromisedRemoteSourceResponse.swift; sourceTree = "<group>"; };
		62E35AF6510A432D5890F544 /* CoreDataService.swift */ = {isa = PBXFileReference; lastKnownFileType = sourcecode.swift; path = CoreDataService.swift; sourceTree = "<group>"; };
		6799EB6D119048A484D487D6 /* PromisedRemoteSource.swift */ = {isa = PBXFileReference; lastKnownFileType = sourcecode.swift; path = PromisedRemoteSource.swift; sourceTree = "<group>"; };
		6BFC61F5AEF0C41C0949CD22 /* NetworkRequest.swift */ = {isa = PBXFileReference; lastKnownFileType = sourcecode.swift; path = NetworkRequest.swift; sourceTree = "<group>"; };
		6CB291B9BE65917B4B91DDF6 /* Storage.swift */ = {isa = PBXFileReference; lastKnownFileType = sourcecode.swift; path = Storage.swift; sourceTree = "<group>"; };
		727ECDDE428F13586E2001B1 /* NetworkSessionJSONError.swift */ = {isa = PBXFileReference; lastKnownFileType = sourcecode.swift; path = NetworkSessionJSONError.swift; sourceTree = "<group>"; };
		732346557C4B07C3EC9A4F1C /* PromisedDataObserver.swift */ = {isa = PBXFileReference; lastKnownFileType = sourcecode.swift; path = PromisedDataObserver.swift; sourceTree = "<group>"; };
		8502006820A684ACD9EEC84D /* PromisedRepoWithRSource.swift */ = {isa = PBXFileReference; lastKnownFileType = sourcecode.swift; path = PromisedRepoWithRSource.swift; sourceTree = "<group>"; };
		8DC001968415206DD702A672 /* NetworkSession.swift */ = {isa = PBXFileReference; lastKnownFileType = sourcecode.swift; path = NetworkSession.swift; sourceTree = "<group>"; };
		92BD486B99A357B693EA7B78 /* ObjectArray.swift */ = {isa = PBXFileReference; lastKnownFileType = sourcecode.swift; path = ObjectArray.swift; sourceTree = "<group>"; };
		9F0B90C4FC0BFCAE24A68AE6 /* StorageSourceImpl.swift */ = {isa = PBXFileReference; lastKnownFileType = sourcecode.swift; path = StorageSourceImpl.swift; sourceTree = "<group>"; };
		A1AEDC87AE6C68E46CE938AF /* RepositorySource.framework */ = {isa = PBXFileReference; explicitFileType = wrapper.framework; includeInIndex = 0; path = RepositorySource.framework; sourceTree = BUILT_PRODUCTS_DIR; };
		A24F0ABF7EA9F6EEF3272707 /* PromisedCoreDataSourceImpl.swift */ = {isa = PBXFileReference; lastKnownFileType = sourcecode.swift; path = PromisedCoreDataSourceImpl.swift; sourceTree = "<group>"; };
		A4ABE2F33295E61932298201 /* Storable.swift */ = {isa = PBXFileReference; lastKnownFileType = sourcecode.swift; path = Storable.swift; sourceTree = "<group>"; };
		AA15CB40100CD788CBEBA0F2 /* Mappable.swift */ = {isa = PBXFileReference; lastKnownFileType = sourcecode.swift; path = Mappable.swift; sourceTree = "<group>"; };
		AFB3FE0C30F4E68FF3172219 /* FoundationExtension.framework */ = {isa = PBXFileReference; lastKnownFileType = wrapper.framework; path = FoundationExtension.framework; sourceTree = "<group>"; };
		B2E94CB0E072E36F594B106E /* Reachability.framework */ = {isa = PBXFileReference; lastKnownFileType = wrapper.framework; path = Reachability.framework; sourceTree = "<group>"; };
		BA448344DA269945429760B3 /* BaseJsonTransformer.swift */ = {isa = PBXFileReference; lastKnownFileType = sourcecode.swift; path = BaseJsonTransformer.swift; sourceTree = "<group>"; };
		C4115BDDBE85905707EA6CF5 /* PromisedDataObserverByIds.swift */ = {isa = PBXFileReference; lastKnownFileType = sourcecode.swift; path = PromisedDataObserverByIds.swift; sourceTree = "<group>"; };
		CD09AFCA719387DBC8C4D228 /* OffsetLimitPaginator.swift */ = {isa = PBXFileReference; lastKnownFileType = sourcecode.swift; path = OffsetLimitPaginator.swift; sourceTree = "<group>"; };
		CF66CAF3AE4BEC97074F3C21 /* MBProgressHUD.framework */ = {isa = PBXFileReference; lastKnownFileType = wrapper.framework; path = MBProgressHUD.framework; sourceTree = "<group>"; };
		D10D8405F5AB425C76249781 /* ReachabilityError.swift */ = {isa = PBXFileReference; lastKnownFileType = sourcecode.swift; path = ReachabilityError.swift; sourceTree = "<group>"; };
		D1FD8C1A78DAFFC1BD689355 /* Info.plist */ = {isa = PBXFileReference; lastKnownFileType = text.plist; path = Info.plist; sourceTree = "<group>"; };
		DDC6F39F30ACB577C7F1CAC0 /* Mapper.swift */ = {isa = PBXFileReference; lastKnownFileType = sourcecode.swift; path = Mapper.swift; sourceTree = "<group>"; };
		E7385BC35D295CFD674B143A /* MappingContext.swift */ = {isa = PBXFileReference; lastKnownFileType = sourcecode.swift; path = MappingContext.swift; sourceTree = "<group>"; };
		E9A8BA986786118A6DBAD5D5 /* BaseStorage.swift */ = {isa = PBXFileReference; lastKnownFileType = sourcecode.swift; path = BaseStorage.swift; sourceTree = "<group>"; };
		ECAD9D1EB6B24A8229651154 /* HttpErrors.swift */ = {isa = PBXFileReference; lastKnownFileType = sourcecode.swift; path = HttpErrors.swift; sourceTree = "<group>"; };
		F027D0A5A591EAA0E111C1DB /* PromisedRemoteSourceRequest.swift */ = {isa = PBXFileReference; lastKnownFileType = sourcecode.swift; path = PromisedRemoteSourceRequest.swift; sourceTree = "<group>"; };
		F7DFF95178F28DC749845FB5 /* PromisedCoreDataSource.swift */ = {isa = PBXFileReference; lastKnownFileType = sourcecode.swift; path = PromisedCoreDataSource.swift; sourceTree = "<group>"; };
		F8FF1018FC1A9C2415F683AE /* ApiErrors.swift */ = {isa = PBXFileReference; lastKnownFileType = sourcecode.swift; path = ApiErrors.swift; sourceTree = "<group>"; };
		FF75CAF8C716000A06D2DD5F /* NetworkSessionDataError.swift */ = {isa = PBXFileReference; lastKnownFileType = sourcecode.swift; path = NetworkSessionDataError.swift; sourceTree = "<group>"; };
/* End PBXFileReference section */

/* Begin PBXFrameworksBuildPhase section */
		F490F00C82EADE5D71A485C2 /* Frameworks */ = {
			isa = PBXFrameworksBuildPhase;
			buildActionMask = 2147483647;
			files = (
				CBE538020B78B60A848520FC /* PromiseKit.framework in Frameworks */,
				AF588BBCCE844E0B83BD6653 /* Reachability.framework in Frameworks */,
				97909BB0BA5BAF8DE747B375 /* FastEasyMapping.framework in Frameworks */,
				3262FA68BB2D3A806E144B04 /* FoundationExtension.framework in Frameworks */,
				08198F3F910802B2FCCC646C /* KeychainSwift.framework in Frameworks */,
				4EA0BB471DC86925C2E8EAC9 /* MBProgressHUD.framework in Frameworks */,
				EDAF416BF277F36010C82119 /* PromiseKit.framework in Frameworks */,
			);
			runOnlyForDeploymentPostprocessing = 0;
		};
/* End PBXFrameworksBuildPhase section */

/* Begin PBXGroup section */
		174FC61907FF2AE0C431C955 /* iOS */ = {
			isa = PBXGroup;
			children = (
				45D25D2BC520055E08C71621 /* FastEasyMapping.framework */,
				5C16E26DC94BC396640916F8 /* KeychainSwift.framework */,
				CF66CAF3AE4BEC97074F3C21 /* MBProgressHUD.framework */,
				22C74D0B00CB9A437DBC308B /* PromiseKit.framework */,
				B2E94CB0E072E36F594B106E /* Reachability.framework */,
			);
			path = iOS;
			sourceTree = "<group>";
		};
		1C3A27A5DA6E10F182B176B7 /* NetworkSession */ = {
			isa = PBXGroup;
			children = (
				2946376101F12BEEF367170C /* error */,
				5E7795701634E0EDB41906C6 /* request */,
				A9390F98306A0459E5224008 /* response */,
				043ADA2C6CFA7315FF91139F /* NetworkRequestAuthProvider.swift */,
				8DC001968415206DD702A672 /* NetworkSession.swift */,
			);
			path = NetworkSession;
			sourceTree = "<group>";
		};
		25E7FC299CFB540C3EDAB2FF /* Mapper */ = {
			isa = PBXGroup;
			children = (
				DF264508A1E38901803ECCDE /* Mapping */,
				AA15CB40100CD788CBEBA0F2 /* Mappable.swift */,
				DDC6F39F30ACB577C7F1CAC0 /* Mapper.swift */,
			);
			path = Mapper;
			sourceTree = "<group>";
		};
		2946376101F12BEEF367170C /* error */ = {
			isa = PBXGroup;
			children = (
				FF75CAF8C716000A06D2DD5F /* NetworkSessionDataError.swift */,
				22D856BDB6B1111D8D0A4564 /* NetworkSessionError.swift */,
				727ECDDE428F13586E2001B1 /* NetworkSessionJSONError.swift */,
				5AD416BB682E59CAE6CD4556 /* NetworkSessionNetworkError.swift */,
				249A513498C5560D7A04530B /* NetworkSessionTaskCancelledError.swift */,
			);
			path = error;
			sourceTree = "<group>";
		};
		2D41E32A39BFA330828CEF35 /* CoreDataService */ = {
			isa = PBXGroup;
			children = (
				62E35AF6510A432D5890F544 /* CoreDataService.swift */,
			);
			path = CoreDataService;
			sourceTree = "<group>";
		};
		42524238983FCE0629AFFE5C = {
			isa = PBXGroup;
			children = (
				99C5CB0C40523C0F2893D2F9 /* RepositorySource */,
				E00D15578007210920C288BB /* Frameworks */,
				99CD7F9B1445917A5B87ABD0 /* Products */,
			);
			sourceTree = "<group>";
		};
		5E7795701634E0EDB41906C6 /* request */ = {
			isa = PBXGroup;
			children = (
				5D3C15F8C64370E76097D526 /* NetworkMultipartRequest.swift */,
				6BFC61F5AEF0C41C0949CD22 /* NetworkRequest.swift */,
			);
			path = request;
			sourceTree = "<group>";
		};
		6002E2D7C68ABEA83DE07546 /* CoreDataSource */ = {
			isa = PBXGroup;
			children = (
				F7DFF95178F28DC749845FB5 /* PromisedCoreDataSource.swift */,
				05EB266DC9D48E5979533D49 /* PromisedCoreDataSourceFRC.swift */,
				A24F0ABF7EA9F6EEF3272707 /* PromisedCoreDataSourceImpl.swift */,
				3AA09309A01FBFB983758E77 /* PromisedCoreDataSourceRequest.swift */,
			);
			path = CoreDataSource;
			sourceTree = "<group>";
		};
		665922F65473E378D8A35F2C /* StorageSource */ = {
			isa = PBXGroup;
			children = (
				E7385BC35D295CFD674B143A /* MappingContext.swift */,
				3CABCCA39046C4820F4BDB01 /* PromisedRepoWithStorageSource.swift */,
				A4ABE2F33295E61932298201 /* Storable.swift */,
				4D20A89E466D8627D0A88305 /* StorageMapping.swift */,
				02EF2F87D21B6F495B1918D4 /* StorageSource.swift */,
				356BEC03D91DDD1E48A42360 /* StorageSourceFRC.swift */,
				9F0B90C4FC0BFCAE24A68AE6 /* StorageSourceImpl.swift */,
				362C61622AD0ECD414C13705 /* StorageSourceRequest.swift */,
			);
			path = StorageSource;
			sourceTree = "<group>";
		};
		6B00F2ADDB93E96EC8A25DFF /* PromisedPaginator */ = {
			isa = PBXGroup;
			children = (
				CD09AFCA719387DBC8C4D228 /* OffsetLimitPaginator.swift */,
			);
			path = PromisedPaginator;
			sourceTree = "<group>";
		};
		8C015BEF16A9AB76471E3ED4 /* Storage */ = {
			isa = PBXGroup;
			children = (
				E9A8BA986786118A6DBAD5D5 /* BaseStorage.swift */,
				92BD486B99A357B693EA7B78 /* ObjectArray.swift */,
				6CB291B9BE65917B4B91DDF6 /* Storage.swift */,
			);
			path = Storage;
			sourceTree = "<group>";
		};
		91CC80B720C687C48ABE0135 /* DomainLayer */ = {
			isa = PBXGroup;
			children = (
				6B00F2ADDB93E96EC8A25DFF /* PromisedPaginator */,
				FA40B6A3C2FD5AB4393A8D4F /* PromisedUseCase */,
			);
			path = DomainLayer;
			sourceTree = "<group>";
		};
		9480C4DE95D3F1B64700201D /* DataLayer */ = {
			isa = PBXGroup;
			children = (
				C9FAF1AA790393BA72ECCE9D /* InMemotySource */,
				BDC51298CCF1FD302770BC8F /* PromisedRepositorySource */,
			);
			path = DataLayer;
			sourceTree = "<group>";
		};
		99C5CB0C40523C0F2893D2F9 /* RepositorySource */ = {
			isa = PBXGroup;
			children = (
				9480C4DE95D3F1B64700201D /* DataLayer */,
				91CC80B720C687C48ABE0135 /* DomainLayer */,
				E5431869465B57AC2328F21B /* ServiceLayer */,
				D1FD8C1A78DAFFC1BD689355 /* Info.plist */,
			);
			path = RepositorySource;
			sourceTree = "<group>";
		};
		99CD7F9B1445917A5B87ABD0 /* Products */ = {
			isa = PBXGroup;
			children = (
				A1AEDC87AE6C68E46CE938AF /* RepositorySource.framework */,
			);
			name = Products;
			sourceTree = "<group>";
		};
		A9390F98306A0459E5224008 /* response */ = {
			isa = PBXGroup;
			children = (
				45F37EFE1872BD844E4279AF /* NetworkResponse.swift */,
			);
			path = response;
			sourceTree = "<group>";
		};
		B75EB658CA0CB38278C85B7C /* Carthage */ = {
			isa = PBXGroup;
			children = (
				174FC61907FF2AE0C431C955 /* iOS */,
			);
			name = Carthage;
			path = Carthage/Build;
			sourceTree = "<group>";
		};
		BDC51298CCF1FD302770BC8F /* PromisedRepositorySource */ = {
			isa = PBXGroup;
			children = (
				FA9E430BB487767A1548DA7B /* DataSource */,
				2DED50065EA1843F78C53268 /* PromisedRepoWithCDSource.swift */,
				8502006820A684ACD9EEC84D /* PromisedRepoWithRSource.swift */,
			);
			path = PromisedRepositorySource;
			sourceTree = "<group>";
		};
		BDE9FBD758AE59FEF17C276C /* errors */ = {
			isa = PBXGroup;
			children = (
				F8FF1018FC1A9C2415F683AE /* ApiErrors.swift */,
				ECAD9D1EB6B24A8229651154 /* HttpErrors.swift */,
				D10D8405F5AB425C76249781 /* ReachabilityError.swift */,
				32571A2E7DEC6ACC65A4817D /* SessionError.swift */,
				29A346F9243BE11FA5CC21C4 /* TimeOutError.swift */,
			);
			path = errors;
			sourceTree = "<group>";
		};
		C9FAF1AA790393BA72ECCE9D /* InMemotySource */ = {
			isa = PBXGroup;
			children = (
				8C015BEF16A9AB76471E3ED4 /* Storage */,
				665922F65473E378D8A35F2C /* StorageSource */,
			);
			path = InMemotySource;
			sourceTree = "<group>";
		};
		CA540BA6931C2A9C7B62CD20 /* RemoteService */ = {
			isa = PBXGroup;
			children = (
				BDE9FBD758AE59FEF17C276C /* errors */,
				5C05A6972400BB31DFADB3EF /* RemoteErrorFactory.swift */,
				38801356290C1262024E3D2E /* RemoteService.swift */,
				52CC820ECCD9CEEA00EC42E4 /* RemoteServiceConfig.swift */,
				0765E3743ADD5B20A9A74300 /* RemoteServiceResponse.swift */,
			);
			path = RemoteService;
			sourceTree = "<group>";
		};
		DF264508A1E38901803ECCDE /* Mapping */ = {
			isa = PBXGroup;
			children = (
				1B641AD8903358D74D5BB213 /* Mapping.swift */,
				2257F2E483407657FB5BA368 /* MappingAttribute.swift */,
				1BA544323D548C87539455B3 /* MappingRelationship.swift */,
			);
			path = Mapping;
			sourceTree = "<group>";
		};
		DF7DCBF6C29A00FFE98D66A0 /* RemoteSource */ = {
			isa = PBXGroup;
			children = (
				6799EB6D119048A484D487D6 /* PromisedRemoteSource.swift */,
				4733E4EA12ADD693B5A18F17 /* PromisedRemoteSourceErrorHandler.swift */,
				5539EA45B321C3C065048B56 /* PromisedRemoteSourceImpl.swift */,
				F027D0A5A591EAA0E111C1DB /* PromisedRemoteSourceRequest.swift */,
				612E32A31A4CF6E31B53D639 /* PromisedRemoteSourceResponse.swift */,
			);
			path = RemoteSource;
			sourceTree = "<group>";
		};
		E00D15578007210920C288BB /* Frameworks */ = {
			isa = PBXGroup;
			children = (
				B75EB658CA0CB38278C85B7C /* Carthage */,
				AFB3FE0C30F4E68FF3172219 /* FoundationExtension.framework */,
			);
			name = Frameworks;
			sourceTree = "<group>";
		};
		E5431869465B57AC2328F21B /* ServiceLayer */ = {
			isa = PBXGroup;
			children = (
				2D41E32A39BFA330828CEF35 /* CoreDataService */,
				FF59040F732D2D77709D3827 /* JsonTransformer */,
				25E7FC299CFB540C3EDAB2FF /* Mapper */,
				1C3A27A5DA6E10F182B176B7 /* NetworkSession */,
				CA540BA6931C2A9C7B62CD20 /* RemoteService */,
			);
			path = ServiceLayer;
			sourceTree = "<group>";
		};
		FA40B6A3C2FD5AB4393A8D4F /* PromisedUseCase */ = {
			isa = PBXGroup;
			children = (
				2DC258CD53EE7C42C52C7534 /* BasePromisedDataObserver.swift */,
				2BA243F3A0ED949518398FE4 /* PredicateFactory.swift */,
				732346557C4B07C3EC9A4F1C /* PromisedDataObserver.swift */,
				C4115BDDBE85905707EA6CF5 /* PromisedDataObserverByIds.swift */,
				5FCE7431872ECF562986EAEC /* PromisedRepositoryFRC.swift */,
				574D0A7F1552F4933B4CAD68 /* PromisedUseCase.swift */,
			);
			path = PromisedUseCase;
			sourceTree = "<group>";
		};
		FA9E430BB487767A1548DA7B /* DataSource */ = {
			isa = PBXGroup;
			children = (
				6002E2D7C68ABEA83DE07546 /* CoreDataSource */,
				DF7DCBF6C29A00FFE98D66A0 /* RemoteSource */,
			);
			path = DataSource;
			sourceTree = "<group>";
		};
		FF59040F732D2D77709D3827 /* JsonTransformer */ = {
			isa = PBXGroup;
			children = (
				BA448344DA269945429760B3 /* BaseJsonTransformer.swift */,
			);
			path = JsonTransformer;
			sourceTree = "<group>";
		};
/* End PBXGroup section */

/* Begin PBXNativeTarget section */
		30F405824294C3FDA615E432 /* RepositorySource */ = {
			isa = PBXNativeTarget;
			buildConfigurationList = 6F7EA1D8D1A0550524590FFA /* Build configuration list for PBXNativeTarget "RepositorySource" */;
			buildPhases = (
				E36B0CF329604AE3F4A8F99A /* Sources */,
				F490F00C82EADE5D71A485C2 /* Frameworks */,
			);
			buildRules = (
			);
			dependencies = (
			);
			name = RepositorySource;
			productName = RepositorySource;
			productReference = A1AEDC87AE6C68E46CE938AF /* RepositorySource.framework */;
			productType = "com.apple.product-type.framework";
		};
/* End PBXNativeTarget section */

/* Begin PBXProject section */
		DAF4D6A993FE1ADC2CFAFE93 /* Project object */ = {
			isa = PBXProject;
			attributes = {
				LastUpgradeCheck = 1100;
				TargetAttributes = {
					30F405824294C3FDA615E432 = {
						ProvisioningStyle = Automatic;
					};
				};
			};
			buildConfigurationList = 3F41438B81C1AEDD3C0C8FDC /* Build configuration list for PBXProject "RepositorySource" */;
			compatibilityVersion = "Xcode 10.0";
			developmentRegion = ru;
			hasScannedForEncodings = 0;
			knownRegions = (
				ru,
				en,
			);
			mainGroup = 42524238983FCE0629AFFE5C;
			projectDirPath = "";
			projectRoot = "";
			targets = (
				30F405824294C3FDA615E432 /* RepositorySource */,
			);
		};
/* End PBXProject section */

/* Begin PBXSourcesBuildPhase section */
		E36B0CF329604AE3F4A8F99A /* Sources */ = {
			isa = PBXSourcesBuildPhase;
			buildActionMask = 2147483647;
			files = (
				FC8292A65395F6E1215BB878 /* ApiErrors.swift in Sources */,
				D17B6F60D52053472D588A93 /* BaseJsonTransformer.swift in Sources */,
				1B2CA9BB63006C67DE91B616 /* BasePromisedDataObserver.swift in Sources */,
				1C18C0A4677681592FA62193 /* BaseStorage.swift in Sources */,
				0605BFB04484252F89D3E9C8 /* CoreDataService.swift in Sources */,
				7DD9AED81A1F469DE6711EA3 /* HttpErrors.swift in Sources */,
				9888E736E742ADE58592AF51 /* Mappable.swift in Sources */,
				454034C28D173450FABC2D0B /* Mapper.swift in Sources */,
				73D5F2C99EA6CC6CAAA5FADE /* Mapping.swift in Sources */,
				7946310C50C62651EE3ECB7C /* MappingAttribute.swift in Sources */,
				E3D01EB47D6EC7CDC2C777C8 /* MappingContext.swift in Sources */,
				68B2E92268BC2B475DF92D2A /* MappingRelationship.swift in Sources */,
				F0BB43C7157F47D25F1915AF /* NetworkMultipartRequest.swift in Sources */,
				02C91E6690A15D72DDA91FEF /* NetworkRequest.swift in Sources */,
				C5C20EF134F2CF68ED212055 /* NetworkRequestAuthProvider.swift in Sources */,
				F5556990194456110FC7433F /* NetworkResponse.swift in Sources */,
				6BE6DCAC4724B54C27A9574E /* NetworkSession.swift in Sources */,
				FACB9826E5FCD0F1710CEFF9 /* NetworkSessionDataError.swift in Sources */,
				759B85B948787B866E82428E /* NetworkSessionError.swift in Sources */,
				4F63BA69D46D1F688B0EF0A0 /* NetworkSessionJSONError.swift in Sources */,
				73EE5F9733D16ECBF62061F4 /* NetworkSessionNetworkError.swift in Sources */,
				FE8CDD9120B75ED4315C7A14 /* NetworkSessionTaskCancelledError.swift in Sources */,
				2A690C716787B7EC280FAC8C /* ObjectArray.swift in Sources */,
				96F273D3AA3D15B967F6C162 /* OffsetLimitPaginator.swift in Sources */,
				D5D45F21F72B3FF3F34E9C16 /* PredicateFactory.swift in Sources */,
				419869785D00780C613DCB8B /* PromisedCoreDataSource.swift in Sources */,
				AD53D503C8668A1CE94B8AAF /* PromisedCoreDataSourceFRC.swift in Sources */,
				1956EDF14724695A2CB0A124 /* PromisedCoreDataSourceImpl.swift in Sources */,
				1CD7729CF096C2ED74C039F9 /* PromisedCoreDataSourceRequest.swift in Sources */,
				ED0FA297EA0142382D96EBA6 /* PromisedDataObserver.swift in Sources */,
				EE031C06129F29A7FC0E0E9D /* PromisedDataObserverByIds.swift in Sources */,
				F6CFC9DBC5A413C50E843A9C /* PromisedRemoteSource.swift in Sources */,
				5CF25AB95C19AA79F96E4CDA /* PromisedRemoteSourceErrorHandler.swift in Sources */,
				7FFDDC62A0D6C0BBE1039858 /* PromisedRemoteSourceImpl.swift in Sources */,
				3914BAAD117F345A8538553B /* PromisedRemoteSourceRequest.swift in Sources */,
				2A23187600D0C7E24187A632 /* PromisedRemoteSourceResponse.swift in Sources */,
				3BFCE2E290B8162BBE2CDF70 /* PromisedRepoWithCDSource.swift in Sources */,
				C86C1985B65A13DA8915E42D /* PromisedRepoWithRSource.swift in Sources */,
				ECF95F581CD7E53FD2370E32 /* PromisedRepoWithStorageSource.swift in Sources */,
				36A296BE9033F4679E45ABC2 /* PromisedRepositoryFRC.swift in Sources */,
				F9D7B04311D631E4E93A3E07 /* PromisedUseCase.swift in Sources */,
				3629EF686D941E9B6A630DB1 /* ReachabilityError.swift in Sources */,
				40AA22DF25FAC11893FD1587 /* RemoteErrorFactory.swift in Sources */,
				FA2B50F9AA1ACBC3D8B9FA0A /* RemoteService.swift in Sources */,
				45111AE4A9FD4E06F01C2D93 /* RemoteServiceConfig.swift in Sources */,
				2B8EAF26052C3E63D2AB5B7E /* RemoteServiceResponse.swift in Sources */,
				5F2F7B0FA3383F3129B9EAF3 /* SessionError.swift in Sources */,
				31F0736DD91D735D07FF4D08 /* Storable.swift in Sources */,
				ACDC8BB659F62F894F91C819 /* Storage.swift in Sources */,
				76E58635B70DA95F4ADFD79F /* StorageMapping.swift in Sources */,
				F0D605D3C22E07DFBA515C1F /* StorageSource.swift in Sources */,
				555C72000A3D0B94FD37AD93 /* StorageSourceFRC.swift in Sources */,
				48025E5D8B18F3BBCF20D92B /* StorageSourceImpl.swift in Sources */,
				D7FFF9429DD7C0A0FF53D1FF /* StorageSourceRequest.swift in Sources */,
				D64D09BD15DABDF6E32576C2 /* TimeOutError.swift in Sources */,
			);
			runOnlyForDeploymentPostprocessing = 0;
		};
/* End PBXSourcesBuildPhase section */

/* Begin XCBuildConfiguration section */
		5C89400570323490055DFCC1 /* Release */ = {
			isa = XCBuildConfiguration;
			buildSettings = {
				CODE_SIGN_IDENTITY = "";
				CODE_SIGN_STYLE = Automatic;
				CURRENT_PROJECT_VERSION = 1;
				DEFINES_MODULE = YES;
				DYLIB_COMPATIBILITY_VERSION = 1;
				DYLIB_CURRENT_VERSION = 1;
				DYLIB_INSTALL_NAME_BASE = "@rpath";
				ENABLE_BITCODE = NO;
				FRAMEWORK_SEARCH_PATHS = (
					"$(inherited)",
					"$(PROJECT_DIR)/Carthage/Build/iOS",
					"\".\"",
				);
				INFOPLIST_FILE = RepositorySource/Info.plist;
				INSTALL_PATH = "$(LOCAL_LIBRARY_DIR)/Frameworks";
				LD_RUNPATH_SEARCH_PATHS = (
					"$(inherited)",
					"@executable_path/Frameworks",
				);
				PRODUCT_BUNDLE_IDENTIFIER = ru.fabit.Lib.RepositorySource;
				PRODUCT_MODULE_NAME = RepositorySource;
				SDKROOT = iphoneos;
				SKIP_INSTALL = YES;
				TARGETED_DEVICE_FAMILY = 1;
				VERSIONING_SYSTEM = "apple-generic";
			};
			name = Release;
		};
		8DFDBF54E58479095F938179 /* Release */ = {
			isa = XCBuildConfiguration;
			buildSettings = {
				ALWAYS_SEARCH_USER_PATHS = NO;
				CLANG_ANALYZER_LOCALIZABILITY_NONLOCALIZED = YES;
				CLANG_ANALYZER_NONNULL = YES;
				CLANG_ANALYZER_NUMBER_OBJECT_CONVERSION = YES_AGGRESSIVE;
				CLANG_CXX_LANGUAGE_STANDARD = "gnu++14";
				CLANG_CXX_LIBRARY = "libc++";
				CLANG_ENABLE_MODULES = YES;
				CLANG_ENABLE_OBJC_ARC = YES;
				CLANG_WARN_BLOCK_CAPTURE_AUTORELEASING = YES;
				CLANG_WARN_BOOL_CONVERSION = YES;
				CLANG_WARN_COMMA = YES;
				CLANG_WARN_CONSTANT_CONVERSION = YES;
				CLANG_WARN_DEPRECATED_OBJC_IMPLEMENTATIONS = YES;
				CLANG_WARN_DIRECT_OBJC_ISA_USAGE = YES_ERROR;
				CLANG_WARN_DOCUMENTATION_COMMENTS = YES;
				CLANG_WARN_EMPTY_BODY = YES;
				CLANG_WARN_ENUM_CONVERSION = YES;
				CLANG_WARN_INFINITE_RECURSION = YES;
				CLANG_WARN_INT_CONVERSION = YES;
				CLANG_WARN_NON_LITERAL_NULL_CONVERSION = YES;
				CLANG_WARN_OBJC_IMPLICIT_RETAIN_SELF = YES;
				CLANG_WARN_OBJC_LITERAL_CONVERSION = YES;
				CLANG_WARN_OBJC_ROOT_CLASS = YES_ERROR;
				CLANG_WARN_RANGE_LOOP_ANALYSIS = YES;
				CLANG_WARN_STRICT_PROTOTYPES = YES;
				CLANG_WARN_SUSPICIOUS_MOVE = YES;
				CLANG_WARN_UNGUARDED_AVAILABILITY = YES_AGGRESSIVE;
				CLANG_WARN_UNREACHABLE_CODE = YES;
				CLANG_WARN__DUPLICATE_METHOD_MATCH = YES;
				COPY_PHASE_STRIP = NO;
				DEBUG_INFORMATION_FORMAT = "dwarf-with-dsym";
				ENABLE_NS_ASSERTIONS = NO;
				ENABLE_STRICT_OBJC_MSGSEND = YES;
				GCC_C_LANGUAGE_STANDARD = gnu11;
				GCC_NO_COMMON_BLOCKS = YES;
				GCC_WARN_64_TO_32_BIT_CONVERSION = YES;
				GCC_WARN_ABOUT_RETURN_TYPE = YES_ERROR;
				GCC_WARN_UNDECLARED_SELECTOR = YES;
				GCC_WARN_UNINITIALIZED_AUTOS = YES_AGGRESSIVE;
				GCC_WARN_UNUSED_FUNCTION = YES;
				GCC_WARN_UNUSED_VARIABLE = YES;
				IPHONEOS_DEPLOYMENT_TARGET = 9.0;
				PRODUCT_NAME = RepositorySource;
				SDKROOT = iphoneos;
				SWIFT_COMPILATION_MODE = wholemodule;
				SWIFT_VERSION = 5.2;
				VALIDATE_PRODUCT = YES;
			};
			name = Release;
		};
		CE06D0DC0D543E2070D968F6 /* Debug */ = {
			isa = XCBuildConfiguration;
			buildSettings = {
				ALWAYS_SEARCH_USER_PATHS = NO;
				CLANG_ANALYZER_LOCALIZABILITY_NONLOCALIZED = YES;
				CLANG_ANALYZER_NONNULL = YES;
				CLANG_ANALYZER_NUMBER_OBJECT_CONVERSION = YES_AGGRESSIVE;
				CLANG_CXX_LANGUAGE_STANDARD = "gnu++14";
				CLANG_CXX_LIBRARY = "libc++";
				CLANG_ENABLE_MODULES = YES;
				CLANG_ENABLE_OBJC_ARC = YES;
				CLANG_WARN_BLOCK_CAPTURE_AUTORELEASING = YES;
				CLANG_WARN_BOOL_CONVERSION = YES;
				CLANG_WARN_COMMA = YES;
				CLANG_WARN_CONSTANT_CONVERSION = YES;
				CLANG_WARN_DEPRECATED_OBJC_IMPLEMENTATIONS = YES;
				CLANG_WARN_DIRECT_OBJC_ISA_USAGE = YES_ERROR;
				CLANG_WARN_DOCUMENTATION_COMMENTS = YES;
				CLANG_WARN_EMPTY_BODY = YES;
				CLANG_WARN_ENUM_CONVERSION = YES;
				CLANG_WARN_INFINITE_RECURSION = YES;
				CLANG_WARN_INT_CONVERSION = YES;
				CLANG_WARN_NON_LITERAL_NULL_CONVERSION = YES;
				CLANG_WARN_OBJC_IMPLICIT_RETAIN_SELF = YES;
				CLANG_WARN_OBJC_LITERAL_CONVERSION = YES;
				CLANG_WARN_OBJC_ROOT_CLASS = YES_ERROR;
				CLANG_WARN_RANGE_LOOP_ANALYSIS = YES;
				CLANG_WARN_STRICT_PROTOTYPES = YES;
				CLANG_WARN_SUSPICIOUS_MOVE = YES;
				CLANG_WARN_UNGUARDED_AVAILABILITY = YES_AGGRESSIVE;
				CLANG_WARN_UNREACHABLE_CODE = YES;
				CLANG_WARN__DUPLICATE_METHOD_MATCH = YES;
				COPY_PHASE_STRIP = NO;
				DEBUG_INFORMATION_FORMAT = dwarf;
				ENABLE_STRICT_OBJC_MSGSEND = YES;
				ENABLE_TESTABILITY = YES;
				GCC_C_LANGUAGE_STANDARD = gnu11;
				GCC_DYNAMIC_NO_PIC = NO;
				GCC_NO_COMMON_BLOCKS = YES;
				GCC_OPTIMIZATION_LEVEL = 0;
				GCC_PREPROCESSOR_DEFINITIONS = (
					"$(inherited)",
					"DEBUG=1",
				);
				GCC_WARN_64_TO_32_BIT_CONVERSION = YES;
				GCC_WARN_ABOUT_RETURN_TYPE = YES_ERROR;
				GCC_WARN_UNDECLARED_SELECTOR = YES;
				GCC_WARN_UNINITIALIZED_AUTOS = YES_AGGRESSIVE;
				GCC_WARN_UNUSED_FUNCTION = YES;
				GCC_WARN_UNUSED_VARIABLE = YES;
				IPHONEOS_DEPLOYMENT_TARGET = 9.0;
				MTL_ENABLE_DEBUG_INFO = YES;
				ONLY_ACTIVE_ARCH = YES;
				PRODUCT_NAME = RepositorySource;
				SDKROOT = iphoneos;
				SWIFT_ACTIVE_COMPILATION_CONDITIONS = DEBUG;
				SWIFT_OPTIMIZATION_LEVEL = "-Onone";
				SWIFT_VERSION = 5.2;
			};
			name = Debug;
		};
		E7BFA88915795A2B3827FE0F /* Debug */ = {
			isa = XCBuildConfiguration;
			buildSettings = {
				CODE_SIGN_IDENTITY = "";
				CODE_SIGN_STYLE = Automatic;
				CURRENT_PROJECT_VERSION = 1;
				DEFINES_MODULE = YES;
				DYLIB_COMPATIBILITY_VERSION = 1;
				DYLIB_CURRENT_VERSION = 1;
				DYLIB_INSTALL_NAME_BASE = "@rpath";
				ENABLE_BITCODE = NO;
				FRAMEWORK_SEARCH_PATHS = (
					"$(inherited)",
					"$(PROJECT_DIR)/Carthage/Build/iOS",
					"\".\"",
				);
				INFOPLIST_FILE = RepositorySource/Info.plist;
				INSTALL_PATH = "$(LOCAL_LIBRARY_DIR)/Frameworks";
				LD_RUNPATH_SEARCH_PATHS = (
					"$(inherited)",
					"@executable_path/Frameworks",
				);
				PRODUCT_BUNDLE_IDENTIFIER = ru.fabit.Lib.RepositorySource;
				PRODUCT_MODULE_NAME = RepositorySource;
				SDKROOT = iphoneos;
				SKIP_INSTALL = YES;
				TARGETED_DEVICE_FAMILY = 1;
				VERSIONING_SYSTEM = "apple-generic";
			};
			name = Debug;
		};
/* End XCBuildConfiguration section */

/* Begin XCConfigurationList section */
		3F41438B81C1AEDD3C0C8FDC /* Build configuration list for PBXProject "RepositorySource" */ = {
			isa = XCConfigurationList;
			buildConfigurations = (
				CE06D0DC0D543E2070D968F6 /* Debug */,
				8DFDBF54E58479095F938179 /* Release */,
			);
			defaultConfigurationIsVisible = 0;
			defaultConfigurationName = Release;
		};
		6F7EA1D8D1A0550524590FFA /* Build configuration list for PBXNativeTarget "RepositorySource" */ = {
			isa = XCConfigurationList;
			buildConfigurations = (
				E7BFA88915795A2B3827FE0F /* Debug */,
				5C89400570323490055DFCC1 /* Release */,
			);
			defaultConfigurationIsVisible = 0;
			defaultConfigurationName = Release;
		};
/* End XCConfigurationList section */
	};
	rootObject = DAF4D6A993FE1ADC2CFAFE93 /* Project object */;
}
